
Microsoft Visual Studio Solution File, Format Version 12.00
# Visual Studio Version 16
VisualStudioVersion = 16.0.30128.74
MinimumVisualStudioVersion = 10.0.40219.1
Project("{FAE04EC0-301F-11D3-BF4B-00C04F79EFBC}") = "SwggerWebApi", "SwggerWebApi.csproj", "{8AA67B49-3C9B-40BE-8B70-F5FC2B204D43}"
EndProject
Global
	GlobalSection(SolutionConfigurationPlatforms) = preSolution
		Debug|Any CPU = Debug|Any CPU
		Release|Any CPU = Release|Any CPU
	EndGlobalSection
	GlobalSection(ProjectConfigurationPlatforms) = postSolution
		{8AA67B49-3C9B-40BE-8B70-F5FC2B204D43}.Debug|Any CPU.ActiveCfg = Debug|Any CPU
		{8AA67B49-3C9B-40BE-8B70-F5FC2B204D43}.Debug|Any CPU.Build.0 = Debug|Any CPU
		{8AA67B49-3C9B-40BE-8B70-F5FC2B204D43}.Release|Any CPU.ActiveCfg = Release|Any CPU
		{8AA67B49-3C9B-40BE-8B70-F5FC2B204D43}.Release|Any CPU.Build.0 = Release|Any CPU
	EndGlobalSection
	GlobalSection(SolutionProperties) = preSolution
		HideSolutionNode = FALSE
	EndGlobalSection
	GlobalSection(ExtensibilityGlobals) = postSolution
		SolutionGuid = {0D35CEAD-A4D7-4FBE-8C6A-9D99FC8B60B9}
	EndGlobalSection
EndGlobal
